
Microsoft Visual Studio Solution File, Format Version 12.00
# Visual Studio Version 17
VisualStudioVersion = 17.11.35312.102
MinimumVisualStudioVersion = 10.0.40219.1
Project("{FAE04EC0-301F-11D3-BF4B-00C04F79EFBC}") = "CrudApp", "CrudApp\CrudApp.csproj", "{DA45D8D1-F5D2-4D13-817D-AABBF15509E1}"
EndProject
Global
	GlobalSection(SolutionConfigurationPlatforms) = preSolution
		Debug|Any CPU = Debug|Any CPU
		Release|Any CPU = Release|Any CPU
	EndGlobalSection
	GlobalSection(ProjectConfigurationPlatforms) = postSolution
		{DA45D8D1-F5D2-4D13-817D-AABBF15509E1}.Debug|Any CPU.ActiveCfg = Debug|Any CPU
		{DA45D8D1-F5D2-4D13-817D-AABBF15509E1}.Debug|Any CPU.Build.0 = Debug|Any CPU
		{DA45D8D1-F5D2-4D13-817D-AABBF15509E1}.Release|Any CPU.ActiveCfg = Release|Any CPU
		{DA45D8D1-F5D2-4D13-817D-AABBF15509E1}.Release|Any CPU.Build.0 = Release|Any CPU
	EndGlobalSection
	GlobalSection(SolutionProperties) = preSolution
		HideSolutionNode = FALSE
	EndGlobalSection
	GlobalSection(ExtensibilityGlobals) = postSolution
		SolutionGuid = {B2B4596F-606F-45FB-94DC-B2FFD4BA7CA0}
	EndGlobalSection
EndGlobal
